
Microsoft Visual Studio Solution File, Format Version 12.00
# Visual Studio Version 17
VisualStudioVersion = 17.0.32126.317
MinimumVisualStudioVersion = 10.0.40219.1
Project("{FAE04EC0-301F-11D3-BF4B-00C04F79EFBC}") = "CookInspirationBlazor", "CookInspirationBlazor\CookInspirationBlazor.csproj", "{1E6BA901-5FF9-4038-9236-A686F892C895}"
EndProject
Project("{FAE04EC0-301F-11D3-BF4B-00C04F79EFBC}") = "RecipeModelLibrary", "RecipeModelLibrary\RecipeModelLibrary.csproj", "{3A99408A-EBC1-468D-8CC7-54ADB5A829E9}"
EndProject
Project("{FAE04EC0-301F-11D3-BF4B-00C04F79EFBC}") = "CookInspirationAPI", "CookInspirationAPI\CookInspirationAPI.csproj", "{137806EE-C264-476F-B75F-2A9AE683AD88}"
EndProject
Global
	GlobalSection(SolutionConfigurationPlatforms) = preSolution
		Debug|Any CPU = Debug|Any CPU
		Release|Any CPU = Release|Any CPU
	EndGlobalSection
	GlobalSection(ProjectConfigurationPlatforms) = postSolution
		{1E6BA901-5FF9-4038-9236-A686F892C895}.Debug|Any CPU.ActiveCfg = Debug|Any CPU
		{1E6BA901-5FF9-4038-9236-A686F892C895}.Debug|Any CPU.Build.0 = Debug|Any CPU
		{1E6BA901-5FF9-4038-9236-A686F892C895}.Release|Any CPU.ActiveCfg = Release|Any CPU
		{1E6BA901-5FF9-4038-9236-A686F892C895}.Release|Any CPU.Build.0 = Release|Any CPU
		{3A99408A-EBC1-468D-8CC7-54ADB5A829E9}.Debug|Any CPU.ActiveCfg = Debug|Any CPU
		{3A99408A-EBC1-468D-8CC7-54ADB5A829E9}.Debug|Any CPU.Build.0 = Debug|Any CPU
		{3A99408A-EBC1-468D-8CC7-54ADB5A829E9}.Release|Any CPU.ActiveCfg = Release|Any CPU
		{3A99408A-EBC1-468D-8CC7-54ADB5A829E9}.Release|Any CPU.Build.0 = Release|Any CPU
		{137806EE-C264-476F-B75F-2A9AE683AD88}.Debug|Any CPU.ActiveCfg = Debug|Any CPU
		{137806EE-C264-476F-B75F-2A9AE683AD88}.Debug|Any CPU.Build.0 = Debug|Any CPU
		{137806EE-C264-476F-B75F-2A9AE683AD88}.Release|Any CPU.ActiveCfg = Release|Any CPU
		{137806EE-C264-476F-B75F-2A9AE683AD88}.Release|Any CPU.Build.0 = Release|Any CPU
	EndGlobalSection
	GlobalSection(SolutionProperties) = preSolution
		HideSolutionNode = FALSE
	EndGlobalSection
	GlobalSection(ExtensibilityGlobals) = postSolution
		SolutionGuid = {7073E1DA-0C78-403B-A86C-8CA5E7A58BD0}
	EndGlobalSection
EndGlobal
